
Microsoft Visual Studio Solution File, Format Version 12.00
# Visual Studio 15
VisualStudioVersion = 15.0.27130.2036
MinimumVisualStudioVersion = 10.0.40219.1
Project("{9A19103F-16F7-4668-BE54-9A1E7A4F7556}") = "Library.API", "Library.API\Library.API.csproj", "{01B290DC-EE62-4859-8366-BDFF0A75273C}"
EndProject
Project("{9A19103F-16F7-4668-BE54-9A1E7A4F7556}") = "Entities", "ClassLibrary\Entities.csproj", "{18EEE33E-5D4D-49DF-9D2A-F63E0CA4491D}"
EndProject
Global
	GlobalSection(SolutionConfigurationPlatforms) = preSolution
		Debug|Any CPU = Debug|Any CPU
		Release|Any CPU = Release|Any CPU
	EndGlobalSection
	GlobalSection(ProjectConfigurationPlatforms) = postSolution
		{01B290DC-EE62-4859-8366-BDFF0A75273C}.Debug|Any CPU.ActiveCfg = Debug|Any CPU
		{01B290DC-EE62-4859-8366-BDFF0A75273C}.Debug|Any CPU.Build.0 = Debug|Any CPU
		{01B290DC-EE62-4859-8366-BDFF0A75273C}.Release|Any CPU.ActiveCfg = Release|Any CPU
		{01B290DC-EE62-4859-8366-BDFF0A75273C}.Release|Any CPU.Build.0 = Release|Any CPU
		{18EEE33E-5D4D-49DF-9D2A-F63E0CA4491D}.Debug|Any CPU.ActiveCfg = Debug|Any CPU
		{18EEE33E-5D4D-49DF-9D2A-F63E0CA4491D}.Debug|Any CPU.Build.0 = Debug|Any CPU
		{18EEE33E-5D4D-49DF-9D2A-F63E0CA4491D}.Release|Any CPU.ActiveCfg = Release|Any CPU
		{18EEE33E-5D4D-49DF-9D2A-F63E0CA4491D}.Release|Any CPU.Build.0 = Release|Any CPU
	EndGlobalSection
	GlobalSection(SolutionProperties) = preSolution
		HideSolutionNode = FALSE
	EndGlobalSection
	GlobalSection(ExtensibilityGlobals) = postSolution
		SolutionGuid = {465EF1FA-4976-4727-850E-4CB542062B6E}
	EndGlobalSection
EndGlobal
